
Microsoft Visual Studio Solution File, Format Version 12.00
# Visual Studio Version 17
VisualStudioVersion = 17.8.34330.188
MinimumVisualStudioVersion = 10.0.40219.1
Project("{9A19103F-16F7-4668-BE54-9A1E7A4F7556}") = "DonutAnimation", "DonutMath\DonutAnimation.csproj", "{B50E47EA-5BDF-421A-ACEC-E6538ED5C136}"
EndProject
Global
	GlobalSection(SolutionConfigurationPlatforms) = preSolution
		Debug|Any CPU = Debug|Any CPU
		Release|Any CPU = Release|Any CPU
	EndGlobalSection
	GlobalSection(ProjectConfigurationPlatforms) = postSolution
		{B50E47EA-5BDF-421A-ACEC-E6538ED5C136}.Debug|Any CPU.ActiveCfg = Debug|Any CPU
		{B50E47EA-5BDF-421A-ACEC-E6538ED5C136}.Debug|Any CPU.Build.0 = Debug|Any CPU
		{B50E47EA-5BDF-421A-ACEC-E6538ED5C136}.Release|Any CPU.ActiveCfg = Release|Any CPU
		{B50E47EA-5BDF-421A-ACEC-E6538ED5C136}.Release|Any CPU.Build.0 = Release|Any CPU
	EndGlobalSection
	GlobalSection(SolutionProperties) = preSolution
		HideSolutionNode = FALSE
	EndGlobalSection
	GlobalSection(ExtensibilityGlobals) = postSolution
		SolutionGuid = {81BC9A4C-4CD4-4725-97C8-0FA9B4F6DFED}
	EndGlobalSection
EndGlobal
